
Microsoft Visual Studio Solution File, Format Version 12.00
# Visual Studio Version 17
VisualStudioVersion = 17.8.34316.72
MinimumVisualStudioVersion = 10.0.40219.1
Project("{FAE04EC0-301F-11D3-BF4B-00C04F79EFBC}") = "9", "9.csproj", "{3100A08E-4DA0-4B9B-94D7-11CB8E8C44F6}"
EndProject
Global
	GlobalSection(SolutionConfigurationPlatforms) = preSolution
		Debug|Any CPU = Debug|Any CPU
		Release|Any CPU = Release|Any CPU
	EndGlobalSection
	GlobalSection(ProjectConfigurationPlatforms) = postSolution
		{3100A08E-4DA0-4B9B-94D7-11CB8E8C44F6}.Debug|Any CPU.ActiveCfg = Debug|Any CPU
		{3100A08E-4DA0-4B9B-94D7-11CB8E8C44F6}.Debug|Any CPU.Build.0 = Debug|Any CPU
		{3100A08E-4DA0-4B9B-94D7-11CB8E8C44F6}.Release|Any CPU.ActiveCfg = Release|Any CPU
		{3100A08E-4DA0-4B9B-94D7-11CB8E8C44F6}.Release|Any CPU.Build.0 = Release|Any CPU
	EndGlobalSection
	GlobalSection(SolutionProperties) = preSolution
		HideSolutionNode = FALSE
	EndGlobalSection
	GlobalSection(ExtensibilityGlobals) = postSolution
		SolutionGuid = {9EB62582-1E5C-4CFD-A7A4-7C07AA612398}
	EndGlobalSection
EndGlobal
